
Microsoft Visual Studio Solution File, Format Version 12.00
# Visual Studio 14
VisualStudioVersion = 14.0.25420.1
MinimumVisualStudioVersion = 10.0.40219.1
Project("{FAE04EC0-301F-11D3-BF4B-00C04F79EFBC}") = "Voresjazzklub", "Voresjazzklub\Voresjazzklub.csproj", "{789652CE-EDE8-43FE-91E0-4514D8B0D312}"
EndProject
Project("{FAE04EC0-301F-11D3-BF4B-00C04F79EFBC}") = "Voresjazzklub.Tests", "Voresjazzklub.Tests\Voresjazzklub.Tests.csproj", "{CBC44D54-610B-45F0-894D-A445019A6F59}"
EndProject
Project("{FAE04EC0-301F-11D3-BF4B-00C04F79EFBC}") = "VoresjazzklubTests1", "VoresjazzklubTests1\VoresjazzklubTests1.csproj", "{A0F657D2-900D-42B4-A153-6B61FE15EEDD}"
EndProject
Global
	GlobalSection(SolutionConfigurationPlatforms) = preSolution
		Debug|Any CPU = Debug|Any CPU
		Release|Any CPU = Release|Any CPU
	EndGlobalSection
	GlobalSection(ProjectConfigurationPlatforms) = postSolution
		{789652CE-EDE8-43FE-91E0-4514D8B0D312}.Debug|Any CPU.ActiveCfg = Debug|Any CPU
		{789652CE-EDE8-43FE-91E0-4514D8B0D312}.Debug|Any CPU.Build.0 = Debug|Any CPU
		{789652CE-EDE8-43FE-91E0-4514D8B0D312}.Release|Any CPU.ActiveCfg = Release|Any CPU
		{789652CE-EDE8-43FE-91E0-4514D8B0D312}.Release|Any CPU.Build.0 = Release|Any CPU
		{CBC44D54-610B-45F0-894D-A445019A6F59}.Debug|Any CPU.ActiveCfg = Debug|Any CPU
		{CBC44D54-610B-45F0-894D-A445019A6F59}.Debug|Any CPU.Build.0 = Debug|Any CPU
		{CBC44D54-610B-45F0-894D-A445019A6F59}.Release|Any CPU.ActiveCfg = Release|Any CPU
		{CBC44D54-610B-45F0-894D-A445019A6F59}.Release|Any CPU.Build.0 = Release|Any CPU
		{A0F657D2-900D-42B4-A153-6B61FE15EEDD}.Debug|Any CPU.ActiveCfg = Debug|Any CPU
		{A0F657D2-900D-42B4-A153-6B61FE15EEDD}.Debug|Any CPU.Build.0 = Debug|Any CPU
		{A0F657D2-900D-42B4-A153-6B61FE15EEDD}.Release|Any CPU.ActiveCfg = Release|Any CPU
		{A0F657D2-900D-42B4-A153-6B61FE15EEDD}.Release|Any CPU.Build.0 = Release|Any CPU
	EndGlobalSection
	GlobalSection(SolutionProperties) = preSolution
		HideSolutionNode = FALSE
	EndGlobalSection
EndGlobal
